Microsoft Visual Studio Solution File, Format Version 12.00
# Visual Studio 2012
Project("{FAE04EC0-301F-11D3-BF4B-00C04F79EFBC}") = "appawiad", "appawiad.csproj", "{F4937E00-CBF6-4631-83C6-77510FC80FBF}"
EndProject
Global
	GlobalSection(SolutionConfigurationPlatforms) = preSolution
	Debug|Any CPU = Debug|Any CPU
	Release|Any CPU = Release|Any CPU
	Tools|Any CPU = Tools|Any CPU
	EndGlobalSection
	GlobalSection(ProjectConfigurationPlatforms) = postSolution
		{F4937E00-CBF6-4631-83C6-77510FC80FBF}.Debug|Any CPU.ActiveCfg = Debug|Any CPU
		{F4937E00-CBF6-4631-83C6-77510FC80FBF}.Debug|Any CPU.Build.0 = Debug|Any CPU
		{F4937E00-CBF6-4631-83C6-77510FC80FBF}.Release|Any CPU.ActiveCfg = Release|Any CPU
		{F4937E00-CBF6-4631-83C6-77510FC80FBF}.Release|Any CPU.Build.0 = Release|Any CPU
		{F4937E00-CBF6-4631-83C6-77510FC80FBF}.Tools|Any CPU.ActiveCfg = Tools|Any CPU
		{F4937E00-CBF6-4631-83C6-77510FC80FBF}.Tools|Any CPU.Build.0 = Tools|Any CPU
	EndGlobalSection
EndGlobal
